
Microsoft Visual Studio Solution File, Format Version 12.00
# Visual Studio 15
VisualStudioVersion = 15.0.27004.2005
MinimumVisualStudioVersion = 10.0.40219.1
Project("{FAE04EC0-301F-11D3-BF4B-00C04F79EFBC}") = "AnnoyingEmailsDES.Client.UWP", "AnnoyingEmailsDES.Client.UWP\AnnoyingEmailsDES.Client.UWP.csproj", "{B49A77D1-2E27-4954-9473-1340B253BAAF}"
EndProject
Project("{FAE04EC0-301F-11D3-BF4B-00C04F79EFBC}") = "AnnoyingEmailsDES.Client.Installer", "AnnoyingEmailsDES.Client.Installer\AnnoyingEmailsDES.Client.Installer.csproj", "{E60BC254-05A6-46AC-BB54-5597D744148C}"
EndProject
Project("{FAE04EC0-301F-11D3-BF4B-00C04F79EFBC}") = "AnnoyingEmailsDES.Client.Infrastructure", "AnnoyingEmailsDES.Client.Infrastructure\AnnoyingEmailsDES.Client.Infrastructure.csproj", "{9D251DD8-D2D4-41C8-8916-C336064C614D}"
EndProject
Project("{FAE04EC0-301F-11D3-BF4B-00C04F79EFBC}") = "AnnoyingEmailsDES.Client.Services", "AnnoyingEmailsDES.Client.Services\AnnoyingEmailsDES.Client.Services.csproj", "{C4E9C30D-F834-4A13-B456-34678690A108}"
EndProject
Project("{FAE04EC0-301F-11D3-BF4B-00C04F79EFBC}") = "AnnoyingEmailsDES.Client.Domain", "AnnoyingEmailsDES.Client.Domain\AnnoyingEmailsDES.Client.Domain.csproj", "{52CA8E6C-D3C9-47BD-A3A1-104A12FBC026}"
EndProject
Project("{FAE04EC0-301F-11D3-BF4B-00C04F79EFBC}") = "AnnoyingEmailsDES.Client.Simulator", "AnnoyingEmailsDES.Client.Simulator\AnnoyingEmailsDES.Client.Simulator.csproj", "{FFF9D685-4B2F-48B4-B699-FF00DD84FE70}"
EndProject
Global
	GlobalSection(SolutionConfigurationPlatforms) = preSolution
		Debug|Any CPU = Debug|Any CPU
		Debug|ARM = Debug|ARM
		Debug|x64 = Debug|x64
		Debug|x86 = Debug|x86
		Release|Any CPU = Release|Any CPU
		Release|ARM = Release|ARM
		Release|x64 = Release|x64
		Release|x86 = Release|x86
	EndGlobalSection
	GlobalSection(ProjectConfigurationPlatforms) = postSolution
		{B49A77D1-2E27-4954-9473-1340B253BAAF}.Debug|Any CPU.ActiveCfg = Debug|x86
		{B49A77D1-2E27-4954-9473-1340B253BAAF}.Debug|ARM.ActiveCfg = Debug|ARM
		{B49A77D1-2E27-4954-9473-1340B253BAAF}.Debug|ARM.Build.0 = Debug|ARM
		{B49A77D1-2E27-4954-9473-1340B253BAAF}.Debug|ARM.Deploy.0 = Debug|ARM
		{B49A77D1-2E27-4954-9473-1340B253BAAF}.Debug|x64.ActiveCfg = Debug|x64
		{B49A77D1-2E27-4954-9473-1340B253BAAF}.Debug|x64.Build.0 = Debug|x64
		{B49A77D1-2E27-4954-9473-1340B253BAAF}.Debug|x64.Deploy.0 = Debug|x64
		{B49A77D1-2E27-4954-9473-1340B253BAAF}.Debug|x86.ActiveCfg = Debug|x86
		{B49A77D1-2E27-4954-9473-1340B253BAAF}.Debug|x86.Build.0 = Debug|x86
		{B49A77D1-2E27-4954-9473-1340B253BAAF}.Debug|x86.Deploy.0 = Debug|x86
		{B49A77D1-2E27-4954-9473-1340B253BAAF}.Release|Any CPU.ActiveCfg = Release|x86
		{B49A77D1-2E27-4954-9473-1340B253BAAF}.Release|ARM.ActiveCfg = Release|ARM
		{B49A77D1-2E27-4954-9473-1340B253BAAF}.Release|ARM.Build.0 = Release|ARM
		{B49A77D1-2E27-4954-9473-1340B253BAAF}.Release|ARM.Deploy.0 = Release|ARM
		{B49A77D1-2E27-4954-9473-1340B253BAAF}.Release|x64.ActiveCfg = Release|x64
		{B49A77D1-2E27-4954-9473-1340B253BAAF}.Release|x64.Build.0 = Release|x64
		{B49A77D1-2E27-4954-9473-1340B253BAAF}.Release|x64.Deploy.0 = Release|x64
		{B49A77D1-2E27-4954-9473-1340B253BAAF}.Release|x86.ActiveCfg = Release|x86
		{B49A77D1-2E27-4954-9473-1340B253BAAF}.Release|x86.Build.0 = Release|x86
		{B49A77D1-2E27-4954-9473-1340B253BAAF}.Release|x86.Deploy.0 = Release|x86
		{E60BC254-05A6-46AC-BB54-5597D744148C}.Debug|Any CPU.ActiveCfg = Debug|Any CPU
		{E60BC254-05A6-46AC-BB54-5597D744148C}.Debug|Any CPU.Build.0 = Debug|Any CPU
		{E60BC254-05A6-46AC-BB54-5597D744148C}.Debug|ARM.ActiveCfg = Debug|ARM
		{E60BC254-05A6-46AC-BB54-5597D744148C}.Debug|ARM.Build.0 = Debug|ARM
		{E60BC254-05A6-46AC-BB54-5597D744148C}.Debug|x64.ActiveCfg = Debug|x64
		{E60BC254-05A6-46AC-BB54-5597D744148C}.Debug|x64.Build.0 = Debug|x64
		{E60BC254-05A6-46AC-BB54-5597D744148C}.Debug|x86.ActiveCfg = Debug|x86
		{E60BC254-05A6-46AC-BB54-5597D744148C}.Debug|x86.Build.0 = Debug|x86
		{E60BC254-05A6-46AC-BB54-5597D744148C}.Release|Any CPU.ActiveCfg = Release|Any CPU
		{E60BC254-05A6-46AC-BB54-5597D744148C}.Release|Any CPU.Build.0 = Release|Any CPU
		{E60BC254-05A6-46AC-BB54-5597D744148C}.Release|ARM.ActiveCfg = Release|ARM
		{E60BC254-05A6-46AC-BB54-5597D744148C}.Release|ARM.Build.0 = Release|ARM
		{E60BC254-05A6-46AC-BB54-5597D744148C}.Release|x64.ActiveCfg = Release|x64
		{E60BC254-05A6-46AC-BB54-5597D744148C}.Release|x64.Build.0 = Release|x64
		{E60BC254-05A6-46AC-BB54-5597D744148C}.Release|x86.ActiveCfg = Release|x86
		{E60BC254-05A6-46AC-BB54-5597D744148C}.Release|x86.Build.0 = Release|x86
		{9D251DD8-D2D4-41C8-8916-C336064C614D}.Debug|Any CPU.ActiveCfg = Debug|Any CPU
		{9D251DD8-D2D4-41C8-8916-C336064C614D}.Debug|Any CPU.Build.0 = Debug|Any CPU
		{9D251DD8-D2D4-41C8-8916-C336064C614D}.Debug|ARM.ActiveCfg = Debug|ARM
		{9D251DD8-D2D4-41C8-8916-C336064C614D}.Debug|ARM.Build.0 = Debug|ARM
		{9D251DD8-D2D4-41C8-8916-C336064C614D}.Debug|x64.ActiveCfg = Debug|x64
		{9D251DD8-D2D4-41C8-8916-C336064C614D}.Debug|x64.Build.0 = Debug|x64
		{9D251DD8-D2D4-41C8-8916-C336064C614D}.Debug|x86.ActiveCfg = Debug|x86
		{9D251DD8-D2D4-41C8-8916-C336064C614D}.Debug|x86.Build.0 = Debug|x86
		{9D251DD8-D2D4-41C8-8916-C336064C614D}.Release|Any CPU.ActiveCfg = Release|Any CPU
		{9D251DD8-D2D4-41C8-8916-C336064C614D}.Release|Any CPU.Build.0 = Release|Any CPU
		{9D251DD8-D2D4-41C8-8916-C336064C614D}.Release|ARM.ActiveCfg = Release|ARM
		{9D251DD8-D2D4-41C8-8916-C336064C614D}.Release|ARM.Build.0 = Release|ARM
		{9D251DD8-D2D4-41C8-8916-C336064C614D}.Release|x64.ActiveCfg = Release|x64
		{9D251DD8-D2D4-41C8-8916-C336064C614D}.Release|x64.Build.0 = Release|x64
		{9D251DD8-D2D4-41C8-8916-C336064C614D}.Release|x86.ActiveCfg = Release|x86
		{9D251DD8-D2D4-41C8-8916-C336064C614D}.Release|x86.Build.0 = Release|x86
		{C4E9C30D-F834-4A13-B456-34678690A108}.Debug|Any CPU.ActiveCfg = Debug|Any CPU
		{C4E9C30D-F834-4A13-B456-34678690A108}.Debug|Any CPU.Build.0 = Debug|Any CPU
		{C4E9C30D-F834-4A13-B456-34678690A108}.Debug|ARM.ActiveCfg = Debug|ARM
		{C4E9C30D-F834-4A13-B456-34678690A108}.Debug|ARM.Build.0 = Debug|ARM
		{C4E9C30D-F834-4A13-B456-34678690A108}.Debug|x64.ActiveCfg = Debug|x64
		{C4E9C30D-F834-4A13-B456-34678690A108}.Debug|x64.Build.0 = Debug|x64
		{C4E9C30D-F834-4A13-B456-34678690A108}.Debug|x86.ActiveCfg = Debug|x86
		{C4E9C30D-F834-4A13-B456-34678690A108}.Debug|x86.Build.0 = Debug|x86
		{C4E9C30D-F834-4A13-B456-34678690A108}.Release|Any CPU.ActiveCfg = Release|Any CPU
		{C4E9C30D-F834-4A13-B456-34678690A108}.Release|Any CPU.Build.0 = Release|Any CPU
		{C4E9C30D-F834-4A13-B456-34678690A108}.Release|ARM.ActiveCfg = Release|ARM
		{C4E9C30D-F834-4A13-B456-34678690A108}.Release|ARM.Build.0 = Release|ARM
		{C4E9C30D-F834-4A13-B456-34678690A108}.Release|x64.ActiveCfg = Release|x64
		{C4E9C30D-F834-4A13-B456-34678690A108}.Release|x64.Build.0 = Release|x64
		{C4E9C30D-F834-4A13-B456-34678690A108}.Release|x86.ActiveCfg = Release|x86
		{C4E9C30D-F834-4A13-B456-34678690A108}.Release|x86.Build.0 = Release|x86
		{52CA8E6C-D3C9-47BD-A3A1-104A12FBC026}.Debug|Any CPU.ActiveCfg = Debug|Any CPU
		{52CA8E6C-D3C9-47BD-A3A1-104A12FBC026}.Debug|Any CPU.Build.0 = Debug|Any CPU
		{52CA8E6C-D3C9-47BD-A3A1-104A12FBC026}.Debug|ARM.ActiveCfg = Debug|ARM
		{52CA8E6C-D3C9-47BD-A3A1-104A12FBC026}.Debug|ARM.Build.0 = Debug|ARM
		{52CA8E6C-D3C9-47BD-A3A1-104A12FBC026}.Debug|x64.ActiveCfg = Debug|x64
		{52CA8E6C-D3C9-47BD-A3A1-104A12FBC026}.Debug|x64.Build.0 = Debug|x64
		{52CA8E6C-D3C9-47BD-A3A1-104A12FBC026}.Debug|x86.ActiveCfg = Debug|x86
		{52CA8E6C-D3C9-47BD-A3A1-104A12FBC026}.Debug|x86.Build.0 = Debug|x86
		{52CA8E6C-D3C9-47BD-A3A1-104A12FBC026}.Release|Any CPU.ActiveCfg = Release|Any CPU
		{52CA8E6C-D3C9-47BD-A3A1-104A12FBC026}.Release|Any CPU.Build.0 = Release|Any CPU
		{52CA8E6C-D3C9-47BD-A3A1-104A12FBC026}.Release|ARM.ActiveCfg = Release|ARM
		{52CA8E6C-D3C9-47BD-A3A1-104A12FBC026}.Release|ARM.Build.0 = Release|ARM
		{52CA8E6C-D3C9-47BD-A3A1-104A12FBC026}.Release|x64.ActiveCfg = Release|x64
		{52CA8E6C-D3C9-47BD-A3A1-104A12FBC026}.Release|x64.Build.0 = Release|x64
		{52CA8E6C-D3C9-47BD-A3A1-104A12FBC026}.Release|x86.ActiveCfg = Release|x86
		{52CA8E6C-D3C9-47BD-A3A1-104A12FBC026}.Release|x86.Build.0 = Release|x86
		{FFF9D685-4B2F-48B4-B699-FF00DD84FE70}.Debug|Any CPU.ActiveCfg = Debug|Any CPU
		{FFF9D685-4B2F-48B4-B699-FF00DD84FE70}.Debug|Any CPU.Build.0 = Debug|Any CPU
		{FFF9D685-4B2F-48B4-B699-FF00DD84FE70}.Debug|ARM.ActiveCfg = Debug|ARM
		{FFF9D685-4B2F-48B4-B699-FF00DD84FE70}.Debug|ARM.Build.0 = Debug|ARM
		{FFF9D685-4B2F-48B4-B699-FF00DD84FE70}.Debug|x64.ActiveCfg = Debug|x64
		{FFF9D685-4B2F-48B4-B699-FF00DD84FE70}.Debug|x64.Build.0 = Debug|x64
		{FFF9D685-4B2F-48B4-B699-FF00DD84FE70}.Debug|x86.ActiveCfg = Debug|x86
		{FFF9D685-4B2F-48B4-B699-FF00DD84FE70}.Debug|x86.Build.0 = Debug|x86
		{FFF9D685-4B2F-48B4-B699-FF00DD84FE70}.Release|Any CPU.ActiveCfg = Release|Any CPU
		{FFF9D685-4B2F-48B4-B699-FF00DD84FE70}.Release|Any CPU.Build.0 = Release|Any CPU
		{FFF9D685-4B2F-48B4-B699-FF00DD84FE70}.Release|ARM.ActiveCfg = Release|ARM
		{FFF9D685-4B2F-48B4-B699-FF00DD84FE70}.Release|ARM.Build.0 = Release|ARM
		{FFF9D685-4B2F-48B4-B699-FF00DD84FE70}.Release|x64.ActiveCfg = Release|x64
		{FFF9D685-4B2F-48B4-B699-FF00DD84FE70}.Release|x64.Build.0 = Release|x64
		{FFF9D685-4B2F-48B4-B699-FF00DD84FE70}.Release|x86.ActiveCfg = Release|x86
		{FFF9D685-4B2F-48B4-B699-FF00DD84FE70}.Release|x86.Build.0 = Release|x86
	EndGlobalSection
	GlobalSection(SolutionProperties) = preSolution
		HideSolutionNode = FALSE
	EndGlobalSection
	GlobalSection(ExtensibilityGlobals) = postSolution
		SolutionGuid = {80DC3AB4-E207-48F7-A1E6-FE0DDFC39D76}
	EndGlobalSection
EndGlobal
