
Microsoft Visual Studio Solution File, Format Version 12.00
# Visual Studio 15
VisualStudioVersion = 15.0.27004.2005
MinimumVisualStudioVersion = 10.0.40219.1
Project("{FAE04EC0-301F-11D3-BF4B-00C04F79EFBC}") = "ServerDES.Host", "ServerDES.Host\ServerDES.Host.csproj", "{F6D8802A-B425-4B72-B712-61AFE7703BC2}"
EndProject
Project("{FAE04EC0-301F-11D3-BF4B-00C04F79EFBC}") = "ServerDES.Core", "ServerDES.Core\ServerDES.Core.csproj", "{D4D29D87-542C-455B-9CF7-EB839A8F3D1C}"
EndProject
Project("{FAE04EC0-301F-11D3-BF4B-00C04F79EFBC}") = "ServerDES.Lib", "ServerDES.Lib\ServerDES.Lib.csproj", "{C4F3B133-88A0-4290-8AEB-395E3442AA39}"
EndProject
Global
	GlobalSection(SolutionConfigurationPlatforms) = preSolution
		Debug|Any CPU = Debug|Any CPU
		Release|Any CPU = Release|Any CPU
	EndGlobalSection
	GlobalSection(ProjectConfigurationPlatforms) = postSolution
		{F6D8802A-B425-4B72-B712-61AFE7703BC2}.Debug|Any CPU.ActiveCfg = Debug|Any CPU
		{F6D8802A-B425-4B72-B712-61AFE7703BC2}.Debug|Any CPU.Build.0 = Debug|Any CPU
		{F6D8802A-B425-4B72-B712-61AFE7703BC2}.Release|Any CPU.ActiveCfg = Release|Any CPU
		{F6D8802A-B425-4B72-B712-61AFE7703BC2}.Release|Any CPU.Build.0 = Release|Any CPU
		{D4D29D87-542C-455B-9CF7-EB839A8F3D1C}.Debug|Any CPU.ActiveCfg = Debug|Any CPU
		{D4D29D87-542C-455B-9CF7-EB839A8F3D1C}.Debug|Any CPU.Build.0 = Debug|Any CPU
		{D4D29D87-542C-455B-9CF7-EB839A8F3D1C}.Release|Any CPU.ActiveCfg = Release|Any CPU
		{D4D29D87-542C-455B-9CF7-EB839A8F3D1C}.Release|Any CPU.Build.0 = Release|Any CPU
		{C4F3B133-88A0-4290-8AEB-395E3442AA39}.Debug|Any CPU.ActiveCfg = Debug|Any CPU
		{C4F3B133-88A0-4290-8AEB-395E3442AA39}.Debug|Any CPU.Build.0 = Debug|Any CPU
		{C4F3B133-88A0-4290-8AEB-395E3442AA39}.Release|Any CPU.ActiveCfg = Release|Any CPU
		{C4F3B133-88A0-4290-8AEB-395E3442AA39}.Release|Any CPU.Build.0 = Release|Any CPU
	EndGlobalSection
	GlobalSection(SolutionProperties) = preSolution
		HideSolutionNode = FALSE
	EndGlobalSection
	GlobalSection(ExtensibilityGlobals) = postSolution
		SolutionGuid = {33AD6492-E73F-4221-9838-8584460C071A}
	EndGlobalSection
EndGlobal
